
Microsoft Visual Studio Solution File, Format Version 12.00
# Visual Studio Version 17
VisualStudioVersion = 17.5.33424.131
MinimumVisualStudioVersion = 10.0.40219.1
Project("{FAE04EC0-301F-11D3-BF4B-00C04F79EFBC}") = "juego pai", "juego pai.csproj", "{B411BD68-4584-4965-B5D5-D7D4CD23DD27}"
EndProject
Global
	GlobalSection(SolutionConfigurationPlatforms) = preSolution
		Debug|Any CPU = Debug|Any CPU
		Release|Any CPU = Release|Any CPU
	EndGlobalSection
	GlobalSection(ProjectConfigurationPlatforms) = postSolution
		{B411BD68-4584-4965-B5D5-D7D4CD23DD27}.Debug|Any CPU.ActiveCfg = Debug|Any CPU
		{B411BD68-4584-4965-B5D5-D7D4CD23DD27}.Debug|Any CPU.Build.0 = Debug|Any CPU
		{B411BD68-4584-4965-B5D5-D7D4CD23DD27}.Release|Any CPU.ActiveCfg = Release|Any CPU
		{B411BD68-4584-4965-B5D5-D7D4CD23DD27}.Release|Any CPU.Build.0 = Release|Any CPU
	EndGlobalSection
	GlobalSection(SolutionProperties) = preSolution
		HideSolutionNode = FALSE
	EndGlobalSection
	GlobalSection(ExtensibilityGlobals) = postSolution
		SolutionGuid = {289FBC35-6B63-4DB0-94CC-D8BF83E8364C}
	EndGlobalSection
EndGlobal
